// !$*UTF8*$!
{
	archiveVersion = 1;
	classes = {
	};
	objectVersion = 56;
	objects = {

/* Begin PBXBuildFile section */
		B10000000000000000000001 /* CloudImagesScreenSaverView.swift in Sources */ = {isa = PBXBuildFile; fileRef = F10000000000000000000001 /* CloudImagesScreenSaverView.swift */; };
		B10000000000000000000002 /* DropboxClient.swift in Sources */ = {isa = PBXBuildFile; fileRef = F10000000000000000000002 /* DropboxClient.swift */; };
		B10000000000000000000003 /* ConfigureSheetController.swift in Sources */ = {isa = PBXBuildFile; fileRef = F10000000000000000000003 /* ConfigureSheetController.swift */; };
		B10000000000000000000005 /* ScreenSaverSettings.swift in Sources */ = {isa = PBXBuildFile; fileRef = F10000000000000000000011 /* ScreenSaverSettings.swift */; };
		B10000000000000000000006 /* CloudImagesFolderImageLoader.swift in Sources */ = {isa = PBXBuildFile; fileRef = F10000000000000000000012 /* CloudImagesFolderImageLoader.swift */; };
		B10000000000000000000004 /* ScreenSaver.framework in Frameworks */ = {isa = PBXBuildFile; fileRef = F10000000000000000000010 /* ScreenSaver.framework */; };
		B10000000000000000000023 /* DropboxOAuth.swift in Sources */ = {isa = PBXBuildFile; fileRef = F10000000000000000000023 /* DropboxOAuth.swift */; };
		B10000000000000000000024 /* DropboxScreenSaverOAuth.swift in Sources */ = {isa = PBXBuildFile; fileRef = F10000000000000000000024 /* DropboxScreenSaverOAuth.swift */; };
		B10000000000000000000025 /* ConfigureSheetAuth.swift in Sources */ = {isa = PBXBuildFile; fileRef = F10000000000000000000025 /* ConfigureSheetAuth.swift */; };
		B10000000000000000000026 /* ConfigureSheetViewFactory.swift in Sources */ = {isa = PBXBuildFile; fileRef = F10000000000000000000026 /* ConfigureSheetViewFactory.swift */; };
		B10000000000000000000027 /* SettingsFormModel.swift in Sources */ = {isa = PBXBuildFile; fileRef = F10000000000000000000027 /* SettingsFormModel.swift */; };
/* End PBXBuildFile section */

/* Begin PBXFileReference section */
		F10000000000000000000001 /* CloudImagesScreenSaverView.swift */ = {isa = PBXFileReference; lastKnownFileType = sourcecode.swift; path = CloudImagesScreenSaverView.swift; sourceTree = "<group>"; };
		F10000000000000000000002 /* DropboxClient.swift */ = {isa = PBXFileReference; lastKnownFileType = sourcecode.swift; path = DropboxClient.swift; sourceTree = "<group>"; };
		F10000000000000000000003 /* ConfigureSheetController.swift */ = {isa = PBXFileReference; lastKnownFileType = sourcecode.swift; path = ConfigureSheetController.swift; sourceTree = "<group>"; };
		F10000000000000000000011 /* ScreenSaverSettings.swift */ = {isa = PBXFileReference; lastKnownFileType = sourcecode.swift; path = ScreenSaverSettings.swift; sourceTree = "<group>"; };
		F10000000000000000000012 /* CloudImagesFolderImageLoader.swift */ = {isa = PBXFileReference; lastKnownFileType = sourcecode.swift; path = CloudImagesFolderImageLoader.swift; sourceTree = "<group>"; };
		F10000000000000000000004 /* Info.plist */ = {isa = PBXFileReference; lastKnownFileType = text.plist.xml; path = Info.plist; sourceTree = "<group>"; };
		F10000000000000000000009 /* CloudImagesScreenSaver.saver */ = {isa = PBXFileReference; explicitFileType = wrapper.cfbundle; includeInIndex = 0; path = CloudImagesScreenSaver.saver; sourceTree = BUILT_PRODUCTS_DIR; };
		F10000000000000000000010 /* ScreenSaver.framework */ = {isa = PBXFileReference; lastKnownFileType = wrapper.framework; name = ScreenSaver.framework; path = System/Library/Frameworks/ScreenSaver.framework; sourceTree = SDKROOT; };
		F10000000000000000000023 /* DropboxOAuth.swift */ = {isa = PBXFileReference; lastKnownFileType = sourcecode.swift; path = DropboxOAuth.swift; sourceTree = "<group>"; };
		F10000000000000000000024 /* DropboxScreenSaverOAuth.swift */ = {isa = PBXFileReference; lastKnownFileType = sourcecode.swift; path = DropboxScreenSaverOAuth.swift; sourceTree = "<group>"; };
		F10000000000000000000025 /* ConfigureSheetAuth.swift */ = {isa = PBXFileReference; lastKnownFileType = sourcecode.swift; path = ConfigureSheetAuth.swift; sourceTree = "<group>"; };
		F10000000000000000000026 /* ConfigureSheetViewFactory.swift */ = {isa = PBXFileReference; lastKnownFileType = sourcecode.swift; path = ConfigureSheetViewFactory.swift; sourceTree = "<group>"; };
		F10000000000000000000027 /* SettingsFormModel.swift */ = {isa = PBXFileReference; lastKnownFileType = sourcecode.swift; path = SettingsFormModel.swift; sourceTree = "<group>"; };
/* End PBXFileReference section */

/* Begin PBXFrameworksBuildPhase section */
		E10000000000000000000001 /* Frameworks */ = {
			isa = PBXFrameworksBuildPhase;
			buildActionMask = 2147483647;
			files = (
				B10000000000000000000004 /* ScreenSaver.framework in Frameworks */,
			);
			runOnlyForDeploymentPostprocessing = 0;
		};
/* End PBXFrameworksBuildPhase section */

/* Begin PBXGroup section */
		G10000000000000000000001 = {
			isa = PBXGroup;
			children = (
				G10000000000000000000002 /* CloudImagesScreenSaver */,
				G10000000000000000000003 /* Products */,
			);
			sourceTree = "<group>";
		};
		G10000000000000000000002 /* CloudImagesScreenSaver */ = {
			isa = PBXGroup;
			children = (
				F10000000000000000000004 /* Info.plist */,
				F10000000000000000000001 /* CloudImagesScreenSaverView.swift */,
				F10000000000000000000002 /* DropboxClient.swift */,
				F10000000000000000000011 /* ScreenSaverSettings.swift */,
				F10000000000000000000012 /* CloudImagesFolderImageLoader.swift */,
				F10000000000000000000023 /* DropboxOAuth.swift */,
				F10000000000000000000024 /* DropboxScreenSaverOAuth.swift */,
				F10000000000000000000003 /* ConfigureSheetController.swift */,
				F10000000000000000000025 /* ConfigureSheetAuth.swift */,
				F10000000000000000000026 /* ConfigureSheetViewFactory.swift */,
				F10000000000000000000027 /* SettingsFormModel.swift */,
			);
			path = CloudImagesScreenSaver;
			sourceTree = "<group>";
		};
		G10000000000000000000003 /* Products */ = {
			isa = PBXGroup;
			children = (
				F10000000000000000000009 /* CloudImagesScreenSaver.saver */,
			);
			name = Products;
			sourceTree = "<group>";
		};
/* End PBXGroup section */

/* Begin PBXNativeTarget section */
		T10000000000000000000001 /* CloudImagesScreenSaver */ = {
			isa = PBXNativeTarget;
			buildConfigurationList = C10000000000000000000003 /* Build configuration list for PBXNativeTarget "CloudImagesScreenSaver" */;
			buildPhases = (
				D10000000000000000000001 /* Sources */,
				E10000000000000000000001 /* Frameworks */,
			);
			buildRules = (
			);
			dependencies = (
			);
			name = CloudImagesScreenSaver;
			productName = CloudImagesScreenSaver;
			productReference = F10000000000000000000009 /* CloudImagesScreenSaver.saver */;
			productType = "com.apple.product-type.bundle";
		};
/* End PBXNativeTarget section */

/* Begin PBXProject section */
		P10000000000000000000001 /* Project object */ = {
			isa = PBXProject;
			attributes = {
				BuildIndependentTargetsInParallel = 1;
				LastUpgradeCheck = 1500;
				TargetAttributes = {
					T10000000000000000000001 = {
						CreatedOnToolsVersion = 15.0;
					};
				};
			};
			buildConfigurationList = C10000000000000000000001 /* Build configuration list for PBXProject "CloudImagesScreenSaver" */;
			compatibilityVersion = "Xcode 14.0";
			developmentRegion = ja;
			hasScannedForEncodings = 0;
			knownRegions = (
				en,
				Base,
				ja,
			);
			mainGroup = G10000000000000000000001;
			productRefGroup = G10000000000000000000003 /* Products */;
			projectDirPath = "";
			projectRoot = "";
			targets = (
				T10000000000000000000001 /* CloudImagesScreenSaver */,
			);
		};
/* End PBXProject section */

/* Begin PBXSourcesBuildPhase section */
		D10000000000000000000001 /* Sources */ = {
			isa = PBXSourcesBuildPhase;
			buildActionMask = 2147483647;
			files = (
				B10000000000000000000001 /* CloudImagesScreenSaverView.swift in Sources */,
				B10000000000000000000002 /* DropboxClient.swift in Sources */,
				B10000000000000000000005 /* ScreenSaverSettings.swift in Sources */,
				B10000000000000000000006 /* CloudImagesFolderImageLoader.swift in Sources */,
				B10000000000000000000003 /* ConfigureSheetController.swift in Sources */,
				B10000000000000000000023 /* DropboxOAuth.swift in Sources */,
				B10000000000000000000024 /* DropboxScreenSaverOAuth.swift in Sources */,
				B10000000000000000000025 /* ConfigureSheetAuth.swift in Sources */,
				B10000000000000000000026 /* ConfigureSheetViewFactory.swift in Sources */,
				B10000000000000000000027 /* SettingsFormModel.swift in Sources */,
			);
			runOnlyForDeploymentPostprocessing = 0;
		};
/* End PBXSourcesBuildPhase section */

/* Begin XCBuildConfiguration section */
		X10000000000000000000001 /* Debug */ = {
			isa = XCBuildConfiguration;
			buildSettings = {
				ALWAYS_SEARCH_USER_PATHS = NO;
				CLANG_ANALYZER_NONNULL = YES;
				CLANG_ENABLE_MODULES = YES;
				CLANG_ENABLE_OBJC_ARC = YES;
				CODE_SIGN_STYLE = Automatic;
				COPY_PHASE_STRIP = NO;
				DEBUG_INFORMATION_FORMAT = dwarf;
				ENABLE_STRICT_OBJC_MSGSEND = YES;
				GCC_DYNAMIC_NO_PIC = NO;
				GCC_OPTIMIZATION_LEVEL = 0;
				MACOSX_DEPLOYMENT_TARGET = 13.0;
				ONLY_ACTIVE_ARCH = YES;
				SDKROOT = macosx;
				SWIFT_ACTIVE_COMPILATION_CONDITIONS = DEBUG;
				SWIFT_OPTIMIZATION_LEVEL = "-Onone";
			};
			name = Debug;
		};
		X10000000000000000000002 /* Release */ = {
			isa = XCBuildConfiguration;
			buildSettings = {
				ALWAYS_SEARCH_USER_PATHS = NO;
				CLANG_ANALYZER_NONNULL = YES;
				CLANG_ENABLE_MODULES = YES;
				CLANG_ENABLE_OBJC_ARC = YES;
				CODE_SIGN_STYLE = Automatic;
				COPY_PHASE_STRIP = NO;
				DEBUG_INFORMATION_FORMAT = "dwarf-with-dsym";
				ENABLE_NS_ASSERTIONS = NO;
				ENABLE_STRICT_OBJC_MSGSEND = YES;
				MACOSX_DEPLOYMENT_TARGET = 13.0;
				SDKROOT = macosx;
				SWIFT_COMPILATION_MODE = wholemodule;
			};
			name = Release;
		};
		X10000000000000000000003 /* Debug */ = {
			isa = XCBuildConfiguration;
			buildSettings = {
				CLANG_ENABLE_MODULES = YES;
				CURRENT_PROJECT_VERSION = 1;
				DEFINES_MODULE = YES;
				GENERATE_INFOPLIST_FILE = NO;
				INFOPLIST_FILE = CloudImagesScreenSaver/Info.plist;
				INSTALL_PATH = "$(HOME)/Library/Screen Savers";
				LD_RUNPATH_SEARCH_PATHS = (
					"$(inherited)",
					"@executable_path/../Frameworks",
				);
				MARKETING_VERSION = 1.1.0;
				PRODUCT_BUNDLE_IDENTIFIER = com.cloudimagesscreensaver.app;
				PRODUCT_NAME = "$(TARGET_NAME)";
				SKIP_INSTALL = NO;
				SWIFT_EMIT_LOC_STRINGS = YES;
				SWIFT_VERSION = 5.0;
				WRAPPER_EXTENSION = saver;
			};
			name = Debug;
		};
		X10000000000000000000004 /* Release */ = {
			isa = XCBuildConfiguration;
			buildSettings = {
				CLANG_ENABLE_MODULES = YES;
				CURRENT_PROJECT_VERSION = 1;
				DEFINES_MODULE = YES;
				GENERATE_INFOPLIST_FILE = NO;
				INFOPLIST_FILE = CloudImagesScreenSaver/Info.plist;
				INSTALL_PATH = "$(HOME)/Library/Screen Savers";
				LD_RUNPATH_SEARCH_PATHS = (
					"$(inherited)",
					"@executable_path/../Frameworks",
				);
				MARKETING_VERSION = 1.1.0;
				PRODUCT_BUNDLE_IDENTIFIER = com.cloudimagesscreensaver.app;
				PRODUCT_NAME = "$(TARGET_NAME)";
				SKIP_INSTALL = NO;
				SWIFT_EMIT_LOC_STRINGS = YES;
				SWIFT_VERSION = 5.0;
				WRAPPER_EXTENSION = saver;
			};
			name = Release;
		};
/* End XCBuildConfiguration section */

/* Begin XCConfigurationList section */
		C10000000000000000000001 /* Build configuration list for PBXProject "CloudImagesScreenSaver" */ = {
			isa = XCConfigurationList;
			buildConfigurations = (
				X10000000000000000000001 /* Debug */,
				X10000000000000000000002 /* Release */,
			);
			defaultConfigurationIsVisible = 0;
			defaultConfigurationName = Release;
		};
		C10000000000000000000003 /* Build configuration list for PBXNativeTarget "CloudImagesScreenSaver" */ = {
			isa = XCConfigurationList;
			buildConfigurations = (
				X10000000000000000000003 /* Debug */,
				X10000000000000000000004 /* Release */,
			);
			defaultConfigurationIsVisible = 0;
			defaultConfigurationName = Release;
		};
/* End XCConfigurationList section */
	};
	rootObject = P10000000000000000000001 /* Project object */;
}
